
Microsoft Visual Studio Solution File, Format Version 12.00
# Visual Studio Version 17
VisualStudioVersion = 17.0.31903.59
MinimumVisualStudioVersion = 10.0.40219.1
Project("{FAE04EC0-301F-11D3-BF4B-00C04F79EFBC}") = "IndigoWindows", "IndigoWindows\IndigoWindows.csproj", "{D770688B-D7E0-4CA4-9CC5-DAFD7851E29E}"
EndProject
Global
	GlobalSection(SolutionConfigurationPlatforms) = preSolution
		Debug|Any CPU = Debug|Any CPU
		Release|Any CPU = Release|Any CPU
	EndGlobalSection
	GlobalSection(SolutionProperties) = preSolution
		HideSolutionNode = FALSE
	EndGlobalSection
	GlobalSection(ProjectConfigurationPlatforms) = postSolution
		{D770688B-D7E0-4CA4-9CC5-DAFD7851E29E}.Debug|Any CPU.ActiveCfg = Debug|Any CPU
		{D770688B-D7E0-4CA4-9CC5-DAFD7851E29E}.Debug|Any CPU.Build.0 = Debug|Any CPU
		{D770688B-D7E0-4CA4-9CC5-DAFD7851E29E}.Release|Any CPU.ActiveCfg = Release|Any CPU
		{D770688B-D7E0-4CA4-9CC5-DAFD7851E29E}.Release|Any CPU.Build.0 = Release|Any CPU
	EndGlobalSection
EndGlobal
